
Microsoft Visual Studio Solution File, Format Version 12.00
# Visual Studio 14
VisualStudioVersion = 14.0.24720.0
MinimumVisualStudioVersion = 10.0.40219.1
Project("{FAE04EC0-301F-11D3-BF4B-00C04F79EFBC}") = "CosmicAdventureDTO", "CosmicAdventureDTO\CosmicAdventureDTO.csproj", "{E6E66335-C65D-45E1-AEA5-F4F29FF1EBAD}"
EndProject
Project("{FAE04EC0-301F-11D3-BF4B-00C04F79EFBC}") = "WcfServiceLibrary1", "WcfServiceLibrary1\WcfServiceLibrary1.csproj", "{7EA2A49A-471A-4773-BE89-3261D25CD059}"
EndProject
Global
	GlobalSection(SolutionConfigurationPlatforms) = preSolution
		Debug|Any CPU = Debug|Any CPU
		Release|Any CPU = Release|Any CPU
	EndGlobalSection
	GlobalSection(ProjectConfigurationPlatforms) = postSolution
		{E6E66335-C65D-45E1-AEA5-F4F29FF1EBAD}.Debug|Any CPU.ActiveCfg = Debug|Any CPU
		{E6E66335-C65D-45E1-AEA5-F4F29FF1EBAD}.Debug|Any CPU.Build.0 = Debug|Any CPU
		{E6E66335-C65D-45E1-AEA5-F4F29FF1EBAD}.Release|Any CPU.ActiveCfg = Release|Any CPU
		{E6E66335-C65D-45E1-AEA5-F4F29FF1EBAD}.Release|Any CPU.Build.0 = Release|Any CPU
		{7EA2A49A-471A-4773-BE89-3261D25CD059}.Debug|Any CPU.ActiveCfg = Debug|Any CPU
		{7EA2A49A-471A-4773-BE89-3261D25CD059}.Debug|Any CPU.Build.0 = Debug|Any CPU
		{7EA2A49A-471A-4773-BE89-3261D25CD059}.Release|Any CPU.ActiveCfg = Release|Any CPU
		{7EA2A49A-471A-4773-BE89-3261D25CD059}.Release|Any CPU.Build.0 = Release|Any CPU
	EndGlobalSection
	GlobalSection(SolutionProperties) = preSolution
		HideSolutionNode = FALSE
	EndGlobalSection
EndGlobal
